// !$*UTF8*$!
{
	archiveVersion = 1;
	classes = {
	};
	objectVersion = 46;
	objects = {

/* Begin PBXBuildFile section */
		470F719E1C5D759B00112448 /* FBSDKCoreKit.framework in Frameworks */ = {isa = PBXBuildFile; fileRef = 470F719B1C5D759B00112448 /* FBSDKCoreKit.framework */; };
		470F719F1C5D759B00112448 /* FBSDKLoginKit.framework in Frameworks */ = {isa = PBXBuildFile; fileRef = 470F719C1C5D759B00112448 /* FBSDKLoginKit.framework */; };
		470F71A01C5D759B00112448 /* FBSDKMessengerShareKit.framework in Frameworks */ = {isa = PBXBuildFile; fileRef = 470F719D1C5D759B00112448 /* FBSDKMessengerShareKit.framework */; };
		470F71A31C5D8A9700112448 /* User.swift in Sources */ = {isa = PBXBuildFile; fileRef = 470F71A21C5D8A9700112448 /* User.swift */; };
		471D15421C7A6C2F000EA967 /* Test.swift in Sources */ = {isa = PBXBuildFile; fileRef = 471D15411C7A6C2F000EA967 /* Test.swift */; };
		A418A60D1C5D718200FCFB40 /* libicucore.tbd in Frameworks */ = {isa = PBXBuildFile; fileRef = A418A60C1C5D718200FCFB40 /* libicucore.tbd */; };
		A418A60F1C5D718800FCFB40 /* libc++.tbd in Frameworks */ = {isa = PBXBuildFile; fileRef = A418A60E1C5D718800FCFB40 /* libc++.tbd */; };
		A418A6111C5D718E00FCFB40 /* CFNetwork.framework in Frameworks */ = {isa = PBXBuildFile; fileRef = A418A6101C5D718E00FCFB40 /* CFNetwork.framework */; };
		A418A6131C5D719300FCFB40 /* Security.framework in Frameworks */ = {isa = PBXBuildFile; fileRef = A418A6121C5D719300FCFB40 /* Security.framework */; };
		A418A6151C5D719F00FCFB40 /* SystemConfiguration.framework in Frameworks */ = {isa = PBXBuildFile; fileRef = A418A6141C5D719F00FCFB40 /* SystemConfiguration.framework */; };
		A418A6181C5D724900FCFB40 /* Firebase.framework in Frameworks */ = {isa = PBXBuildFile; fileRef = A418A6171C5D724900FCFB40 /* Firebase.framework */; };
		A418A61A1C5D836000FCFB40 /* NetManager.swift in Sources */ = {isa = PBXBuildFile; fileRef = A418A6191C5D836000FCFB40 /* NetManager.swift */; };
		A4AC5C711C5ABC4900FEF25E /* AppDelegate.swift in Sources */ = {isa = PBXBuildFile; fileRef = A4AC5C701C5ABC4900FEF25E /* AppDelegate.swift */; };
		A4AC5C731C5ABC4900FEF25E /* ViewController.swift in Sources */ = {isa = PBXBuildFile; fileRef = A4AC5C721C5ABC4900FEF25E /* ViewController.swift */; };
		A4AC5C761C5ABC4900FEF25E /* Main.storyboard in Resources */ = {isa = PBXBuildFile; fileRef = A4AC5C741C5ABC4900FEF25E /* Main.storyboard */; };
		A4AC5C791C5ABC4900FEF25E /* ProjectSquad.xcdatamodeld in Sources */ = {isa = PBXBuildFile; fileRef = A4AC5C771C5ABC4900FEF25E /* ProjectSquad.xcdatamodeld */; };
		A4AC5C7B1C5ABC4900FEF25E /* Assets.xcassets in Resources */ = {isa = PBXBuildFile; fileRef = A4AC5C7A1C5ABC4900FEF25E /* Assets.xcassets */; };
		A4AC5C7E1C5ABC4900FEF25E /* LaunchScreen.storyboard in Resources */ = {isa = PBXBuildFile; fileRef = A4AC5C7C1C5ABC4900FEF25E /* LaunchScreen.storyboard */; };
/* End PBXBuildFile section */

/* Begin PBXFileReference section */
		470F719B1C5D759B00112448 /* FBSDKCoreKit.framework */ = {isa = PBXFileReference; lastKnownFileType = wrapper.framework; path = FBSDKCoreKit.framework; sourceTree = "<group>"; };
		470F719C1C5D759B00112448 /* FBSDKLoginKit.framework */ = {isa = PBXFileReference; lastKnownFileType = wrapper.framework; path = FBSDKLoginKit.framework; sourceTree = "<group>"; };
		470F719D1C5D759B00112448 /* FBSDKMessengerShareKit.framework */ = {isa = PBXFileReference; lastKnownFileType = wrapper.framework; path = FBSDKMessengerShareKit.framework; sourceTree = "<group>"; };
		470F71A11C5D76C700112448 /* ProjectSquad-Bridging-Header.h */ = {isa = PBXFileReference; lastKnownFileType = sourcecode.c.h; path = "ProjectSquad-Bridging-Header.h"; sourceTree = "<group>"; };
		470F71A21C5D8A9700112448 /* User.swift */ = {isa = PBXFileReference; fileEncoding = 4; lastKnownFileType = sourcecode.swift; path = User.swift; sourceTree = "<group>"; };
		471D15411C7A6C2F000EA967 /* Test.swift */ = {isa = PBXFileReference; fileEncoding = 4; lastKnownFileType = sourcecode.swift; path = Test.swift; sourceTree = "<group>"; };
		A418A60C1C5D718200FCFB40 /* libicucore.tbd */ = {isa = PBXFileReference; lastKnownFileType = "sourcecode.text-based-dylib-definition"; name = libicucore.tbd; path = usr/lib/libicucore.tbd; sourceTree = SDKROOT; };
		A418A60E1C5D718800FCFB40 /* libc++.tbd */ = {isa = PBXFileReference; lastKnownFileType = "sourcecode.text-based-dylib-definition"; name = "libc++.tbd"; path = "usr/lib/libc++.tbd"; sourceTree = SDKROOT; };
		A418A6101C5D718E00FCFB40 /* CFNetwork.framework */ = {isa = PBXFileReference; lastKnownFileType = wrapper.framework; name = CFNetwork.framework; path = System/Library/Frameworks/CFNetwork.framework; sourceTree = SDKROOT; };
		A418A6121C5D719300FCFB40 /* Security.framework */ = {isa = PBXFileReference; lastKnownFileType = wrapper.framework; name = Security.framework; path = System/Library/Frameworks/Security.framework; sourceTree = SDKROOT; };
		A418A6141C5D719F00FCFB40 /* SystemConfiguration.framework */ = {isa = PBXFileReference; lastKnownFileType = wrapper.framework; name = SystemConfiguration.framework; path = System/Library/Frameworks/SystemConfiguration.framework; sourceTree = SDKROOT; };
		A418A6171C5D724900FCFB40 /* Firebase.framework */ = {isa = PBXFileReference; lastKnownFileType = wrapper.framework; path = Firebase.framework; sourceTree = "<group>"; };
		A418A6191C5D836000FCFB40 /* NetManager.swift */ = {isa = PBXFileReference; fileEncoding = 4; lastKnownFileType = sourcecode.swift; path = NetManager.swift; sourceTree = "<group>"; };
		A4AC5C6D1C5ABC4900FEF25E /* ProjectSquad.app */ = {isa = PBXFileReference; explicitFileType = wrapper.application; includeInIndex = 0; path = ProjectSquad.app; sourceTree = BUILT_PRODUCTS_DIR; };
		A4AC5C701C5ABC4900FEF25E /* AppDelegate.swift */ = {isa = PBXFileReference; lastKnownFileType = sourcecode.swift; path = AppDelegate.swift; sourceTree = "<group>"; };
		A4AC5C721C5ABC4900FEF25E /* ViewController.swift */ = {isa = PBXFileReference; lastKnownFileType = sourcecode.swift; path = ViewController.swift; sourceTree = "<group>"; };
		A4AC5C751C5ABC4900FEF25E /* Base */ = {isa = PBXFileReference; lastKnownFileType = file.storyboard; name = Base; path = Base.lproj/Main.storyboard; sourceTree = "<group>"; };
		A4AC5C781C5ABC4900FEF25E /* ProjectSquad.xcdatamodel */ = {isa = PBXFileReference; lastKnownFileType = wrapper.xcdatamodel; path = ProjectSquad.xcdatamodel; sourceTree = "<group>"; };
		A4AC5C7A1C5ABC4900FEF25E /* Assets.xcassets */ = {isa = PBXFileReference; lastKnownFileType = folder.assetcatalog; path = Assets.xcassets; sourceTree = "<group>"; };
		A4AC5C7D1C5ABC4900FEF25E /* Base */ = {isa = PBXFileReference; lastKnownFileType = file.storyboard; name = Base; path = Base.lproj/LaunchScreen.storyboard; sourceTree = "<group>"; };
		A4AC5C7F1C5ABC4900FEF25E /* Info.plist */ = {isa = PBXFileReference; lastKnownFileType = text.plist.xml; path = Info.plist; sourceTree = "<group>"; };
/* End PBXFileReference section */

/* Begin PBXFrameworksBuildPhase section */
		A4AC5C6A1C5ABC4900FEF25E /* Frameworks */ = {
			isa = PBXFrameworksBuildPhase;
			buildActionMask = 2147483647;
			files = (
				A418A6151C5D719F00FCFB40 /* SystemConfiguration.framework in Frameworks */,
				A418A6181C5D724900FCFB40 /* Firebase.framework in Frameworks */,
				A418A6131C5D719300FCFB40 /* Security.framework in Frameworks */,
				A418A6111C5D718E00FCFB40 /* CFNetwork.framework in Frameworks */,
				470F71A01C5D759B00112448 /* FBSDKMessengerShareKit.framework in Frameworks */,
				470F719E1C5D759B00112448 /* FBSDKCoreKit.framework in Frameworks */,
				A418A60F1C5D718800FCFB40 /* libc++.tbd in Frameworks */,
				470F719F1C5D759B00112448 /* FBSDKLoginKit.framework in Frameworks */,
				A418A60D1C5D718200FCFB40 /* libicucore.tbd in Frameworks */,
			);
			runOnlyForDeploymentPostprocessing = 0;
		};
/* End PBXFrameworksBuildPhase section */

/* Begin PBXGroup section */
		A418A6161C5D723900FCFB40 /* Frameworks */ = {
			isa = PBXGroup;
			children = (
				470F719B1C5D759B00112448 /* FBSDKCoreKit.framework */,
				470F719C1C5D759B00112448 /* FBSDKLoginKit.framework */,
				470F719D1C5D759B00112448 /* FBSDKMessengerShareKit.framework */,
				A418A6171C5D724900FCFB40 /* Firebase.framework */,
				A418A6141C5D719F00FCFB40 /* SystemConfiguration.framework */,
				A418A6121C5D719300FCFB40 /* Security.framework */,
				A418A6101C5D718E00FCFB40 /* CFNetwork.framework */,
				A418A60E1C5D718800FCFB40 /* libc++.tbd */,
				A418A60C1C5D718200FCFB40 /* libicucore.tbd */,
			);
			name = Frameworks;
			sourceTree = "<group>";
		};
		A4AC5C641C5ABC4900FEF25E = {
			isa = PBXGroup;
			children = (
				A418A6161C5D723900FCFB40 /* Frameworks */,
				A4AC5C6F1C5ABC4900FEF25E /* ProjectSquad */,
				A4AC5C6E1C5ABC4900FEF25E /* Products */,
			);
			sourceTree = "<group>";
		};
		A4AC5C6E1C5ABC4900FEF25E /* Products */ = {
			isa = PBXGroup;
			children = (
				A4AC5C6D1C5ABC4900FEF25E /* ProjectSquad.app */,
			);
			name = Products;
			sourceTree = "<group>";
		};
		A4AC5C6F1C5ABC4900FEF25E /* ProjectSquad */ = {
			isa = PBXGroup;
			children = (
				A4AC5C701C5ABC4900FEF25E /* AppDelegate.swift */,
				A4AC5C721C5ABC4900FEF25E /* ViewController.swift */,
				471D15411C7A6C2F000EA967 /* Test.swift */,
				A4AC5C741C5ABC4900FEF25E /* Main.storyboard */,
				A4AC5C7A1C5ABC4900FEF25E /* Assets.xcassets */,
				A4AC5C7C1C5ABC4900FEF25E /* LaunchScreen.storyboard */,
				470F71A11C5D76C700112448 /* ProjectSquad-Bridging-Header.h */,
				A4AC5C7F1C5ABC4900FEF25E /* Info.plist */,
				A4AC5C771C5ABC4900FEF25E /* ProjectSquad.xcdatamodeld */,
				A418A6191C5D836000FCFB40 /* NetManager.swift */,
				470F71A21C5D8A9700112448 /* User.swift */,
			);
			path = ProjectSquad;
			sourceTree = "<group>";
		};
/* End PBXGroup section */

/* Begin PBXNativeTarget section */
		A4AC5C6C1C5ABC4900FEF25E /* ProjectSquad */ = {
			isa = PBXNativeTarget;
			buildConfigurationList = A4AC5C821C5ABC4900FEF25E /* Build configuration list for PBXNativeTarget "ProjectSquad" */;
			buildPhases = (
				A4AC5C691C5ABC4900FEF25E /* Sources */,
				A4AC5C6A1C5ABC4900FEF25E /* Frameworks */,
				A4AC5C6B1C5ABC4900FEF25E /* Resources */,
			);
			buildRules = (
			);
			dependencies = (
			);
			name = ProjectSquad;
			productName = ProjectSquad;
			productReference = A4AC5C6D1C5ABC4900FEF25E /* ProjectSquad.app */;
			productType = "com.apple.product-type.application";
		};
/* End PBXNativeTarget section */

/* Begin PBXProject section */
		A4AC5C651C5ABC4900FEF25E /* Project object */ = {
			isa = PBXProject;
			attributes = {
				LastSwiftUpdateCheck = 0720;
				LastUpgradeCheck = 0720;
				ORGANIZATIONNAME = "Squad Up App";
				TargetAttributes = {
					A4AC5C6C1C5ABC4900FEF25E = {
						CreatedOnToolsVersion = 7.2;
						DevelopmentTeam = P4XMVS2BWG;
					};
				};
			};
			buildConfigurationList = A4AC5C681C5ABC4900FEF25E /* Build configuration list for PBXProject "ProjectSquad" */;
			compatibilityVersion = "Xcode 3.2";
			developmentRegion = English;
			hasScannedForEncodings = 0;
			knownRegions = (
				en,
				Base,
			);
			mainGroup = A4AC5C641C5ABC4900FEF25E;
			productRefGroup = A4AC5C6E1C5ABC4900FEF25E /* Products */;
			projectDirPath = "";
			projectRoot = "";
			targets = (
				A4AC5C6C1C5ABC4900FEF25E /* ProjectSquad */,
			);
		};
/* End PBXProject section */

/* Begin PBXResourcesBuildPhase section */
		A4AC5C6B1C5ABC4900FEF25E /* Resources */ = {
			isa = PBXResourcesBuildPhase;
			buildActionMask = 2147483647;
			files = (
				A4AC5C7E1C5ABC4900FEF25E /* LaunchScreen.storyboard in Resources */,
				A4AC5C7B1C5ABC4900FEF25E /* Assets.xcassets in Resources */,
				A4AC5C761C5ABC4900FEF25E /* Main.storyboard in Resources */,
			);
			runOnlyForDeploymentPostprocessing = 0;
		};
/* End PBXResourcesBuildPhase section */

/* Begin PBXSourcesBuildPhase section */
		A4AC5C691C5ABC4900FEF25E /* Sources */ = {
			isa = PBXSourcesBuildPhase;
			buildActionMask = 2147483647;
			files = (
				A4AC5C731C5ABC4900FEF25E /* ViewController.swift in Sources */,
				A418A61A1C5D836000FCFB40 /* NetManager.swift in Sources */,
				A4AC5C791C5ABC4900FEF25E /* ProjectSquad.xcdatamodeld in Sources */,
				471D15421C7A6C2F000EA967 /* Test.swift in Sources */,
				470F71A31C5D8A9700112448 /* User.swift in Sources */,
				A4AC5C711C5ABC4900FEF25E /* AppDelegate.swift in Sources */,
			);
			runOnlyForDeploymentPostprocessing = 0;
		};
/* End PBXSourcesBuildPhase section */

/* Begin PBXVariantGroup section */
		A4AC5C741C5ABC4900FEF25E /* Main.storyboard */ = {
			isa = PBXVariantGroup;
			children = (
				A4AC5C751C5ABC4900FEF25E /* Base */,
			);
			name = Main.storyboard;
			sourceTree = "<group>";
		};
		A4AC5C7C1C5ABC4900FEF25E /* LaunchScreen.storyboard */ = {
			isa = PBXVariantGroup;
			children = (
				A4AC5C7D1C5ABC4900FEF25E /* Base */,
			);
			name = LaunchScreen.storyboard;
			sourceTree = "<group>";
		};
/* End PBXVariantGroup section */

/* Begin XCBuildConfiguration section */
		A4AC5C801C5ABC4900FEF25E /* Debug */ = {
			isa = XCBuildConfiguration;
			buildSettings = {
				ALWAYS_SEARCH_USER_PATHS = NO;
				CLANG_CXX_LANGUAGE_STANDARD = "gnu++0x";
				CLANG_CXX_LIBRARY = "libc++";
				CLANG_ENABLE_MODULES = YES;
				CLANG_ENABLE_OBJC_ARC = YES;
				CLANG_WARN_BOOL_CONVERSION = YES;
				CLANG_WARN_CONSTANT_CONVERSION = YES;
				CLANG_WARN_DIRECT_OBJC_ISA_USAGE = YES_ERROR;
				CLANG_WARN_EMPTY_BODY = YES;
				CLANG_WARN_ENUM_CONVERSION = YES;
				CLANG_WARN_INT_CONVERSION = YES;
				CLANG_WARN_OBJC_ROOT_CLASS = YES_ERROR;
				CLANG_WARN_UNREACHABLE_CODE = YES;
				CLANG_WARN__DUPLICATE_METHOD_MATCH = YES;
				"CODE_SIGN_IDENTITY[sdk=iphoneos*]" = "iPhone Developer";
				COPY_PHASE_STRIP = NO;
				DEBUG_INFORMATION_FORMAT = dwarf;
				ENABLE_STRICT_OBJC_MSGSEND = YES;
				ENABLE_TESTABILITY = YES;
				GCC_C_LANGUAGE_STANDARD = gnu99;
				GCC_DYNAMIC_NO_PIC = NO;
				GCC_NO_COMMON_BLOCKS = YES;
				GCC_OPTIMIZATION_LEVEL = 0;
				GCC_PREPROCESSOR_DEFINITIONS = (
					"DEBUG=1",
					"$(inherited)",
				);
				GCC_WARN_64_TO_32_BIT_CONVERSION = YES;
				GCC_WARN_ABOUT_RETURN_TYPE = YES_ERROR;
				GCC_WARN_UNDECLARED_SELECTOR = YES;
				GCC_WARN_UNINITIALIZED_AUTOS = YES_AGGRESSIVE;
				GCC_WARN_UNUSED_FUNCTION = YES;
				GCC_WARN_UNUSED_VARIABLE = YES;
				IPHONEOS_DEPLOYMENT_TARGET = 9.2;
				MTL_ENABLE_DEBUG_INFO = YES;
				ONLY_ACTIVE_ARCH = YES;
				SDKROOT = iphoneos;
				SWIFT_OPTIMIZATION_LEVEL = "-Onone";
			};
			name = Debug;
		};
		A4AC5C811C5ABC4900FEF25E /* Release */ = {
			isa = XCBuildConfiguration;
			buildSettings = {
				ALWAYS_SEARCH_USER_PATHS = NO;
				CLANG_CXX_LANGUAGE_STANDARD = "gnu++0x";
				CLANG_CXX_LIBRARY = "libc++";
				CLANG_ENABLE_MODULES = YES;
				CLANG_ENABLE_OBJC_ARC = YES;
				CLANG_WARN_BOOL_CONVERSION = YES;
				CLANG_WARN_CONSTANT_CONVERSION = YES;
				CLANG_WARN_DIRECT_OBJC_ISA_USAGE = YES_ERROR;
				CLANG_WARN_EMPTY_BODY = YES;
				CLANG_WARN_ENUM_CONVERSION = YES;
				CLANG_WARN_INT_CONVERSION = YES;
				CLANG_WARN_OBJC_ROOT_CLASS = YES_ERROR;
				CLANG_WARN_UNREACHABLE_CODE = YES;
				CLANG_WARN__DUPLICATE_METHOD_MATCH = YES;
				"CODE_SIGN_IDENTITY[sdk=iphoneos*]" = "iPhone Developer";
				COPY_PHASE_STRIP = NO;
				DEBUG_INFORMATION_FORMAT = "dwarf-with-dsym";
				ENABLE_NS_ASSERTIONS = NO;
				ENABLE_STRICT_OBJC_MSGSEND = YES;
				GCC_C_LANGUAGE_STANDARD = gnu99;
				GCC_NO_COMMON_BLOCKS = YES;
				GCC_WARN_64_TO_32_BIT_CONVERSION = YES;
				GCC_WARN_ABOUT_RETURN_TYPE = YES_ERROR;
				GCC_WARN_UNDECLARED_SELECTOR = YES;
				GCC_WARN_UNINITIALIZED_AUTOS = YES_AGGRESSIVE;
				GCC_WARN_UNUSED_FUNCTION = YES;
				GCC_WARN_UNUSED_VARIABLE = YES;
				IPHONEOS_DEPLOYMENT_TARGET = 9.2;
				MTL_ENABLE_DEBUG_INFO = NO;
				SDKROOT = iphoneos;
				VALIDATE_PRODUCT = YES;
			};
			name = Release;
		};
		A4AC5C831C5ABC4900FEF25E /* Debug */ = {
			isa = XCBuildConfiguration;
			buildSettings = {
				ASSETCATALOG_COMPILER_APPICON_NAME = AppIcon;
				FRAMEWORK_SEARCH_PATHS = (
					"$(inherited)",
					"$(PROJECT_DIR)",
				);
				INFOPLIST_FILE = ProjectSquad/Info.plist;
				LD_RUNPATH_SEARCH_PATHS = "$(inherited) @executable_path/Frameworks";
				PRODUCT_BUNDLE_IDENTIFIER = com.squadupapp.ProjectSquad;
				PRODUCT_NAME = "$(TARGET_NAME)";
				SWIFT_OBJC_BRIDGING_HEADER = "ProjectSquad/ProjectSquad-Bridging-Header.h";
			};
			name = Debug;
		};
		A4AC5C841C5ABC4900FEF25E /* Release */ = {
			isa = XCBuildConfiguration;
			buildSettings = {
				ASSETCATALOG_COMPILER_APPICON_NAME = AppIcon;
				FRAMEWORK_SEARCH_PATHS = (
					"$(inherited)",
					"$(PROJECT_DIR)",
				);
				INFOPLIST_FILE = ProjectSquad/Info.plist;
				LD_RUNPATH_SEARCH_PATHS = "$(inherited) @executable_path/Frameworks";
				PRODUCT_BUNDLE_IDENTIFIER = com.squadupapp.ProjectSquad;
				PRODUCT_NAME = "$(TARGET_NAME)";
				SWIFT_OBJC_BRIDGING_HEADER = "ProjectSquad/ProjectSquad-Bridging-Header.h";
			};
			name = Release;
		};
/* End XCBuildConfiguration section */

/* Begin XCConfigurationList section */
		A4AC5C681C5ABC4900FEF25E /* Build configuration list for PBXProject "ProjectSquad" */ = {
			isa = XCConfigurationList;
			buildConfigurations = (
				A4AC5C801C5ABC4900FEF25E /* Debug */,
				A4AC5C811C5ABC4900FEF25E /* Release */,
			);
			defaultConfigurationIsVisible = 0;
			defaultConfigurationName = Release;
		};
		A4AC5C821C5ABC4900FEF25E /* Build configuration list for PBXNativeTarget "ProjectSquad" */ = {
			isa = XCConfigurationList;
			buildConfigurations = (
				A4AC5C831C5ABC4900FEF25E /* Debug */,
				A4AC5C841C5ABC4900FEF25E /* Release */,
			);
			defaultConfigurationIsVisible = 0;
			defaultConfigurationName = Release;
		};
/* End XCConfigurationList section */

/* Begin XCVersionGroup section */
		A4AC5C771C5ABC4900FEF25E /* ProjectSquad.xcdatamodeld */ = {
			isa = XCVersionGroup;
			children = (
				A4AC5C781C5ABC4900FEF25E /* ProjectSquad.xcdatamodel */,
			);
			currentVersion = A4AC5C781C5ABC4900FEF25E /* ProjectSquad.xcdatamodel */;
			path = ProjectSquad.xcdatamodeld;
			sourceTree = "<group>";
			versionGroupType = wrapper.xcdatamodel;
		};
/* End XCVersionGroup section */
	};
	rootObject = A4AC5C651C5ABC4900FEF25E /* Project object */;
}
